// !$*UTF8*$!
{
	archiveVersion = 1;
	classes = {
	};
	objectVersion = 46;
	objects = {

/* Begin PBXBuildFile section */
		4A3C67B11DA27F8300D9D263 /* AppDelegate.swift in Sources */ = {isa = PBXBuildFile; fileRef = 4A3C67B01DA27F8300D9D263 /* AppDelegate.swift */; };
		4A3C67B61DA27F8300D9D263 /* Main.storyboard in Resources */ = {isa = PBXBuildFile; fileRef = 4A3C67B41DA27F8300D9D263 /* Main.storyboard */; };
		4A3C67B81DA27F8300D9D263 /* Assets.xcassets in Resources */ = {isa = PBXBuildFile; fileRef = 4A3C67B71DA27F8300D9D263 /* Assets.xcassets */; };
		4A3C67BB1DA27F8300D9D263 /* LaunchScreen.storyboard in Resources */ = {isa = PBXBuildFile; fileRef = 4A3C67B91DA27F8300D9D263 /* LaunchScreen.storyboard */; };
		4A3C67C91DA2808600D9D263 /* LoginViewController.swift in Sources */ = {isa = PBXBuildFile; fileRef = 4A3C67C31DA2808600D9D263 /* LoginViewController.swift */; };
		4A3C67CA1DA2808600D9D263 /* PopupViewController.swift in Sources */ = {isa = PBXBuildFile; fileRef = 4A3C67C41DA2808600D9D263 /* PopupViewController.swift */; };
		4A3C67CB1DA2808600D9D263 /* ProfileViewController.swift in Sources */ = {isa = PBXBuildFile; fileRef = 4A3C67C51DA2808600D9D263 /* ProfileViewController.swift */; };
		4A3C67CC1DA2808600D9D263 /* SettingsViewController.swift in Sources */ = {isa = PBXBuildFile; fileRef = 4A3C67C61DA2808600D9D263 /* SettingsViewController.swift */; };
		4A3C67CD1DA2808600D9D263 /* SWRevealViewController.m in Sources */ = {isa = PBXBuildFile; fileRef = 4A3C67C81DA2808600D9D263 /* SWRevealViewController.m */; };
		4A3C67CF1DA283B200D9D263 /* RegisterViewController.swift in Sources */ = {isa = PBXBuildFile; fileRef = 4A3C67CE1DA283B200D9D263 /* RegisterViewController.swift */; };
		4A3C67D11DA2888A00D9D263 /* GoogleService-Info.plist in Resources */ = {isa = PBXBuildFile; fileRef = 4A3C67D01DA2888A00D9D263 /* GoogleService-Info.plist */; };
		4A3C67D61DA2937700D9D263 /* RestaurantTableViewController.swift in Sources */ = {isa = PBXBuildFile; fileRef = 4A3C67D51DA2937700D9D263 /* RestaurantTableViewController.swift */; };
		4A3C67D91DA2984000D9D263 /* RTableTableViewController.swift in Sources */ = {isa = PBXBuildFile; fileRef = 4A3C67D81DA2984000D9D263 /* RTableTableViewController.swift */; };
		4A3C67DB1DA2B65900D9D263 /* RTableCell.swift in Sources */ = {isa = PBXBuildFile; fileRef = 4A3C67DA1DA2B65900D9D263 /* RTableCell.swift */; };
		4A3C67DD1DA2C4C000D9D263 /* TableDetailViewController.swift in Sources */ = {isa = PBXBuildFile; fileRef = 4A3C67DC1DA2C4C000D9D263 /* TableDetailViewController.swift */; };
		4A80DD9F1DA3E51C00F91DC5 /* CustomerTableViewController.swift in Sources */ = {isa = PBXBuildFile; fileRef = 4A80DD9E1DA3E51C00F91DC5 /* CustomerTableViewController.swift */; };
		4A80DDA21DA3E5FB00F91DC5 /* OrderTableViewController.swift in Sources */ = {isa = PBXBuildFile; fileRef = 4A80DDA11DA3E5FB00F91DC5 /* OrderTableViewController.swift */; };
		E8679A88D27FDC3808EA495E /* Pods_Menu_Server_App_Prototype_001.framework in Frameworks */ = {isa = PBXBuildFile; fileRef = 769A80FCD1D7CAB63A9E5D3B /* Pods_Menu_Server_App_Prototype_001.framework */; };
/* End PBXBuildFile section */

/* Begin PBXFileReference section */
		4A3C67AD1DA27F8300D9D263 /* Menu_Server_App_Prototype_001.app */ = {isa = PBXFileReference; explicitFileType = wrapper.application; includeInIndex = 0; path = Menu_Server_App_Prototype_001.app; sourceTree = BUILT_PRODUCTS_DIR; };
		4A3C67B01DA27F8300D9D263 /* AppDelegate.swift */ = {isa = PBXFileReference; lastKnownFileType = sourcecode.swift; path = AppDelegate.swift; sourceTree = "<group>"; };
		4A3C67B51DA27F8300D9D263 /* Base */ = {isa = PBXFileReference; lastKnownFileType = file.storyboard; name = Base; path = Base.lproj/Main.storyboard; sourceTree = "<group>"; };
		4A3C67B71DA27F8300D9D263 /* Assets.xcassets */ = {isa = PBXFileReference; lastKnownFileType = folder.assetcatalog; path = Assets.xcassets; sourceTree = "<group>"; };
		4A3C67BA1DA27F8300D9D263 /* Base */ = {isa = PBXFileReference; lastKnownFileType = file.storyboard; name = Base; path = Base.lproj/LaunchScreen.storyboard; sourceTree = "<group>"; };
		4A3C67BC1DA27F8300D9D263 /* Info.plist */ = {isa = PBXFileReference; lastKnownFileType = text.plist.xml; path = Info.plist; sourceTree = "<group>"; };
		4A3C67C21DA2808500D9D263 /* Menu_Server_App_Prototype_001-Bridging-Header.h */ = {isa = PBXFileReference; lastKnownFileType = sourcecode.c.h; path = "Menu_Server_App_Prototype_001-Bridging-Header.h"; sourceTree = "<group>"; };
		4A3C67C31DA2808600D9D263 /* LoginViewController.swift */ = {isa = PBXFileReference; fileEncoding = 4; lastKnownFileType = sourcecode.swift; path = LoginViewController.swift; sourceTree = "<group>"; };
		4A3C67C41DA2808600D9D263 /* PopupViewController.swift */ = {isa = PBXFileReference; fileEncoding = 4; lastKnownFileType = sourcecode.swift; path = PopupViewController.swift; sourceTree = "<group>"; };
		4A3C67C51DA2808600D9D263 /* ProfileViewController.swift */ = {isa = PBXFileReference; fileEncoding = 4; lastKnownFileType = sourcecode.swift; path = ProfileViewController.swift; sourceTree = "<group>"; };
		4A3C67C61DA2808600D9D263 /* SettingsViewController.swift */ = {isa = PBXFileReference; fileEncoding = 4; lastKnownFileType = sourcecode.swift; path = SettingsViewController.swift; sourceTree = "<group>"; };
		4A3C67C71DA2808600D9D263 /* SWRevealViewController.h */ = {isa = PBXFileReference; fileEncoding = 4; lastKnownFileType = sourcecode.c.h; path = SWRevealViewController.h; sourceTree = "<group>"; };
		4A3C67C81DA2808600D9D263 /* SWRevealViewController.m */ = {isa = PBXFileReference; fileEncoding = 4; lastKnownFileType = sourcecode.c.objc; path = SWRevealViewController.m; sourceTree = "<group>"; };
		4A3C67CE1DA283B200D9D263 /* RegisterViewController.swift */ = {isa = PBXFileReference; fileEncoding = 4; lastKnownFileType = sourcecode.swift; path = RegisterViewController.swift; sourceTree = "<group>"; };
		4A3C67D01DA2888A00D9D263 /* GoogleService-Info.plist */ = {isa = PBXFileReference; fileEncoding = 4; lastKnownFileType = text.plist.xml; path = "GoogleService-Info.plist"; sourceTree = "<group>"; };
		4A3C67D51DA2937700D9D263 /* RestaurantTableViewController.swift */ = {isa = PBXFileReference; fileEncoding = 4; lastKnownFileType = sourcecode.swift; path = RestaurantTableViewController.swift; sourceTree = "<group>"; };
		4A3C67D81DA2984000D9D263 /* RTableTableViewController.swift */ = {isa = PBXFileReference; fileEncoding = 4; lastKnownFileType = sourcecode.swift; path = RTableTableViewController.swift; sourceTree = "<group>"; };
		4A3C67DA1DA2B65900D9D263 /* RTableCell.swift */ = {isa = PBXFileReference; fileEncoding = 4; lastKnownFileType = sourcecode.swift; path = RTableCell.swift; sourceTree = "<group>"; };
		4A3C67DC1DA2C4C000D9D263 /* TableDetailViewController.swift */ = {isa = PBXFileReference; fileEncoding = 4; lastKnownFileType = sourcecode.swift; path = TableDetailViewController.swift; sourceTree = "<group>"; };
		4A80DD9E1DA3E51C00F91DC5 /* CustomerTableViewController.swift */ = {isa = PBXFileReference; fileEncoding = 4; lastKnownFileType = sourcecode.swift; path = CustomerTableViewController.swift; sourceTree = "<group>"; };
		4A80DDA11DA3E5FB00F91DC5 /* OrderTableViewController.swift */ = {isa = PBXFileReference; fileEncoding = 4; lastKnownFileType = sourcecode.swift; path = OrderTableViewController.swift; sourceTree = "<group>"; };
		769A80FCD1D7CAB63A9E5D3B /* Pods_Menu_Server_App_Prototype_001.framework */ = {isa = PBXFileReference; explicitFileType = wrapper.framework; includeInIndex = 0; path = Pods_Menu_Server_App_Prototype_001.framework; sourceTree = BUILT_PRODUCTS_DIR; };
		9FE362CCA8900A7C234B71AA /* Pods-Menu_Server_App_Prototype_001.release.xcconfig */ = {isa = PBXFileReference; includeInIndex = 1; lastKnownFileType = text.xcconfig; name = "Pods-Menu_Server_App_Prototype_001.release.xcconfig"; path = "Pods/Target Support Files/Pods-Menu_Server_App_Prototype_001/Pods-Menu_Server_App_Prototype_001.release.xcconfig"; sourceTree = "<group>"; };
		A0ACAF45C1287081F0F18814 /* Pods-Menu_Server_App_Prototype_001.debug.xcconfig */ = {isa = PBXFileReference; includeInIndex = 1; lastKnownFileType = text.xcconfig; name = "Pods-Menu_Server_App_Prototype_001.debug.xcconfig"; path = "Pods/Target Support Files/Pods-Menu_Server_App_Prototype_001/Pods-Menu_Server_App_Prototype_001.debug.xcconfig"; sourceTree = "<group>"; };
/* End PBXFileReference section */

/* Begin PBXFrameworksBuildPhase section */
		4A3C67AA1DA27F8300D9D263 /* Frameworks */ = {
			isa = PBXFrameworksBuildPhase;
			buildActionMask = 2147483647;
			files = (
				E8679A88D27FDC3808EA495E /* Pods_Menu_Server_App_Prototype_001.framework in Frameworks */,
			);
			runOnlyForDeploymentPostprocessing = 0;
		};
/* End PBXFrameworksBuildPhase section */

/* Begin PBXGroup section */
		4A3C67A41DA27F8300D9D263 = {
			isa = PBXGroup;
			children = (
				4A3C67AF1DA27F8300D9D263 /* Menu_Server_App_Prototype_001 */,
				4A3C67AE1DA27F8300D9D263 /* Products */,
				899AAE421D601B06CD0B7F9F /* Pods */,
				D14413ABEC9136EC47E4F86D /* Frameworks */,
			);
			sourceTree = "<group>";
		};
		4A3C67AE1DA27F8300D9D263 /* Products */ = {
			isa = PBXGroup;
			children = (
				4A3C67AD1DA27F8300D9D263 /* Menu_Server_App_Prototype_001.app */,
			);
			name = Products;
			sourceTree = "<group>";
		};
		4A3C67AF1DA27F8300D9D263 /* Menu_Server_App_Prototype_001 */ = {
			isa = PBXGroup;
			children = (
				4A3C67D01DA2888A00D9D263 /* GoogleService-Info.plist */,
				4A80DDA01DA3E52500F91DC5 /* Table Detail Subview Controllers */,
				4A3C67D71DA2938600D9D263 /* Restaurant and Table Controllers */,
				4A3C67D21DA2895F00D9D263 /* User Profile Controllers */,
				4A3C67D41DA289A500D9D263 /* Custom View Controllers */,
				4A3C67C61DA2808600D9D263 /* SettingsViewController.swift */,
				4A3C67D31DA2897C00D9D263 /* SWRevealViewController */,
				4A3C67B01DA27F8300D9D263 /* AppDelegate.swift */,
				4A3C67B41DA27F8300D9D263 /* Main.storyboard */,
				4A3C67B71DA27F8300D9D263 /* Assets.xcassets */,
				4A3C67B91DA27F8300D9D263 /* LaunchScreen.storyboard */,
				4A3C67BC1DA27F8300D9D263 /* Info.plist */,
			);
			path = Menu_Server_App_Prototype_001;
			sourceTree = "<group>";
		};
		4A3C67D21DA2895F00D9D263 /* User Profile Controllers */ = {
			isa = PBXGroup;
			children = (
				4A3C67CE1DA283B200D9D263 /* RegisterViewController.swift */,
				4A3C67C31DA2808600D9D263 /* LoginViewController.swift */,
				4A3C67C51DA2808600D9D263 /* ProfileViewController.swift */,
			);
			name = "User Profile Controllers";
			sourceTree = "<group>";
		};
		4A3C67D31DA2897C00D9D263 /* SWRevealViewController */ = {
			isa = PBXGroup;
			children = (
				4A3C67C71DA2808600D9D263 /* SWRevealViewController.h */,
				4A3C67C81DA2808600D9D263 /* SWRevealViewController.m */,
				4A3C67C21DA2808500D9D263 /* Menu_Server_App_Prototype_001-Bridging-Header.h */,
			);
			name = SWRevealViewController;
			sourceTree = "<group>";
		};
		4A3C67D41DA289A500D9D263 /* Custom View Controllers */ = {
			isa = PBXGroup;
			children = (
				4A3C67C41DA2808600D9D263 /* PopupViewController.swift */,
			);
			name = "Custom View Controllers";
			sourceTree = "<group>";
		};
		4A3C67D71DA2938600D9D263 /* Restaurant and Table Controllers */ = {
			isa = PBXGroup;
			children = (
				4A3C67D51DA2937700D9D263 /* RestaurantTableViewController.swift */,
				4A3C67D81DA2984000D9D263 /* RTableTableViewController.swift */,
				4A3C67DA1DA2B65900D9D263 /* RTableCell.swift */,
				4A3C67DC1DA2C4C000D9D263 /* TableDetailViewController.swift */,
			);
			name = "Restaurant and Table Controllers";
			sourceTree = "<group>";
		};
		4A80DDA01DA3E52500F91DC5 /* Table Detail Subview Controllers */ = {
			isa = PBXGroup;
			children = (
				4A80DD9E1DA3E51C00F91DC5 /* CustomerTableViewController.swift */,
				4A80DDA11DA3E5FB00F91DC5 /* OrderTableViewController.swift */,
			);
			name = "Table Detail Subview Controllers";
			sourceTree = "<group>";
		};
		899AAE421D601B06CD0B7F9F /* Pods */ = {
			isa = PBXGroup;
			children = (
				A0ACAF45C1287081F0F18814 /* Pods-Menu_Server_App_Prototype_001.debug.xcconfig */,
				9FE362CCA8900A7C234B71AA /* Pods-Menu_Server_App_Prototype_001.release.xcconfig */,
			);
			name = Pods;
			sourceTree = "<group>";
		};
		D14413ABEC9136EC47E4F86D /* Frameworks */ = {
			isa = PBXGroup;
			children = (
				769A80FCD1D7CAB63A9E5D3B /* Pods_Menu_Server_App_Prototype_001.framework */,
			);
			name = Frameworks;
			sourceTree = "<group>";
		};
/* End PBXGroup section */

/* Begin PBXNativeTarget section */
		4A3C67AC1DA27F8300D9D263 /* Menu_Server_App_Prototype_001 */ = {
			isa = PBXNativeTarget;
			buildConfigurationList = 4A3C67BF1DA27F8300D9D263 /* Build configuration list for PBXNativeTarget "Menu_Server_App_Prototype_001" */;
			buildPhases = (
				AE5F7256E56B099115970428 /* [CP] Check Pods Manifest.lock */,
				4A3C67A91DA27F8300D9D263 /* Sources */,
				4A3C67AA1DA27F8300D9D263 /* Frameworks */,
				4A3C67AB1DA27F8300D9D263 /* Resources */,
				021EF3345D8822531EE3A2CF /* [CP] Embed Pods Frameworks */,
				C69B43C36BE254C69AB0AFA8 /* [CP] Copy Pods Resources */,
			);
			buildRules = (
			);
			dependencies = (
			);
			name = Menu_Server_App_Prototype_001;
			productName = Menu_Server_App_Prototype_001;
			productReference = 4A3C67AD1DA27F8300D9D263 /* Menu_Server_App_Prototype_001.app */;
			productType = "com.apple.product-type.application";
		};
/* End PBXNativeTarget section */

/* Begin PBXProject section */
		4A3C67A51DA27F8300D9D263 /* Project object */ = {
			isa = PBXProject;
			attributes = {
				LastSwiftUpdateCheck = 0800;
				LastUpgradeCheck = 0800;
				ORGANIZATIONNAME = "Jon Calanio";
				TargetAttributes = {
					4A3C67AC1DA27F8300D9D263 = {
						CreatedOnToolsVersion = 8.0;
						DevelopmentTeam = 6YQJN59DK9;
						LastSwiftMigration = 0800;
						ProvisioningStyle = Automatic;
					};
				};
			};
			buildConfigurationList = 4A3C67A81DA27F8300D9D263 /* Build configuration list for PBXProject "Menu_Server_App_Prototype_001" */;
			compatibilityVersion = "Xcode 3.2";
			developmentRegion = English;
			hasScannedForEncodings = 0;
			knownRegions = (
				en,
				Base,
			);
			mainGroup = 4A3C67A41DA27F8300D9D263;
			productRefGroup = 4A3C67AE1DA27F8300D9D263 /* Products */;
			projectDirPath = "";
			projectRoot = "";
			targets = (
				4A3C67AC1DA27F8300D9D263 /* Menu_Server_App_Prototype_001 */,
			);
		};
/* End PBXProject section */

/* Begin PBXResourcesBuildPhase section */
		4A3C67AB1DA27F8300D9D263 /* Resources */ = {
			isa = PBXResourcesBuildPhase;
			buildActionMask = 2147483647;
			files = (
				4A3C67BB1DA27F8300D9D263 /* LaunchScreen.storyboard in Resources */,
				4A3C67B81DA27F8300D9D263 /* Assets.xcassets in Resources */,
				4A3C67B61DA27F8300D9D263 /* Main.storyboard in Resources */,
				4A3C67D11DA2888A00D9D263 /* GoogleService-Info.plist in Resources */,
			);
			runOnlyForDeploymentPostprocessing = 0;
		};
/* End PBXResourcesBuildPhase section */

/* Begin PBXShellScriptBuildPhase section */
		021EF3345D8822531EE3A2CF /* [CP] Embed Pods Frameworks */ = {
			isa = PBXShellScriptBuildPhase;
			buildActionMask = 2147483647;
			files = (
			);
			inputPaths = (
			);
			name = "[CP] Embed Pods Frameworks";
			outputPaths = (
			);
			runOnlyForDeploymentPostprocessing = 0;
			shellPath = /bin/sh;
			shellScript = "\"${SRCROOT}/Pods/Target Support Files/Pods-Menu_Server_App_Prototype_001/Pods-Menu_Server_App_Prototype_001-frameworks.sh\"\n";
			showEnvVarsInLog = 0;
		};
		AE5F7256E56B099115970428 /* [CP] Check Pods Manifest.lock */ = {
			isa = PBXShellScriptBuildPhase;
			buildActionMask = 2147483647;
			files = (
			);
			inputPaths = (
			);
			name = "[CP] Check Pods Manifest.lock";
			outputPaths = (
			);
			runOnlyForDeploymentPostprocessing = 0;
			shellPath = /bin/sh;
			shellScript = "diff \"${PODS_ROOT}/../Podfile.lock\" \"${PODS_ROOT}/Manifest.lock\" > /dev/null\nif [[ $? != 0 ]] ; then\n    cat << EOM\nerror: The sandbox is not in sync with the Podfile.lock. Run 'pod install' or update your CocoaPods installation.\nEOM\n    exit 1\nfi\n";
			showEnvVarsInLog = 0;
		};
		C69B43C36BE254C69AB0AFA8 /* [CP] Copy Pods Resources */ = {
			isa = PBXShellScriptBuildPhase;
			buildActionMask = 2147483647;
			files = (
			);
			inputPaths = (
			);
			name = "[CP] Copy Pods Resources";
			outputPaths = (
			);
			runOnlyForDeploymentPostprocessing = 0;
			shellPath = /bin/sh;
			shellScript = "\"${SRCROOT}/Pods/Target Support Files/Pods-Menu_Server_App_Prototype_001/Pods-Menu_Server_App_Prototype_001-resources.sh\"\n";
			showEnvVarsInLog = 0;
		};
/* End PBXShellScriptBuildPhase section */

/* Begin PBXSourcesBuildPhase section */
		4A3C67A91DA27F8300D9D263 /* Sources */ = {
			isa = PBXSourcesBuildPhase;
			buildActionMask = 2147483647;
			files = (
				4A3C67CD1DA2808600D9D263 /* SWRevealViewController.m in Sources */,
				4A3C67DD1DA2C4C000D9D263 /* TableDetailViewController.swift in Sources */,
				4A3C67D91DA2984000D9D263 /* RTableTableViewController.swift in Sources */,
				4A80DDA21DA3E5FB00F91DC5 /* OrderTableViewController.swift in Sources */,
				4A3C67C91DA2808600D9D263 /* LoginViewController.swift in Sources */,
				4A3C67CF1DA283B200D9D263 /* RegisterViewController.swift in Sources */,
				4A3C67CB1DA2808600D9D263 /* ProfileViewController.swift in Sources */,
				4A3C67DB1DA2B65900D9D263 /* RTableCell.swift in Sources */,
				4A3C67B11DA27F8300D9D263 /* AppDelegate.swift in Sources */,
				4A3C67CA1DA2808600D9D263 /* PopupViewController.swift in Sources */,
				4A3C67D61DA2937700D9D263 /* RestaurantTableViewController.swift in Sources */,
				4A3C67CC1DA2808600D9D263 /* SettingsViewController.swift in Sources */,
				4A80DD9F1DA3E51C00F91DC5 /* CustomerTableViewController.swift in Sources */,
			);
			runOnlyForDeploymentPostprocessing = 0;
		};
/* End PBXSourcesBuildPhase section */

/* Begin PBXVariantGroup section */
		4A3C67B41DA27F8300D9D263 /* Main.storyboard */ = {
			isa = PBXVariantGroup;
			children = (
				4A3C67B51DA27F8300D9D263 /* Base */,
			);
			name = Main.storyboard;
			sourceTree = "<group>";
		};
		4A3C67B91DA27F8300D9D263 /* LaunchScreen.storyboard */ = {
			isa = PBXVariantGroup;
			children = (
				4A3C67BA1DA27F8300D9D263 /* Base */,
			);
			name = LaunchScreen.storyboard;
			sourceTree = "<group>";
		};
/* End PBXVariantGroup section */

/* Begin XCBuildConfiguration section */
		4A3C67BD1DA27F8300D9D263 /* Debug */ = {
			isa = XCBuildConfiguration;
			buildSettings = {
				ALWAYS_SEARCH_USER_PATHS = NO;
				CLANG_ANALYZER_NONNULL = YES;
				CLANG_CXX_LANGUAGE_STANDARD = "gnu++0x";
				CLANG_CXX_LIBRARY = "libc++";
				CLANG_ENABLE_MODULES = YES;
				CLANG_ENABLE_OBJC_ARC = YES;
				CLANG_WARN_BOOL_CONVERSION = YES;
				CLANG_WARN_CONSTANT_CONVERSION = YES;
				CLANG_WARN_DIRECT_OBJC_ISA_USAGE = YES_ERROR;
				CLANG_WARN_DOCUMENTATION_COMMENTS = YES;
				CLANG_WARN_EMPTY_BODY = YES;
				CLANG_WARN_ENUM_CONVERSION = YES;
				CLANG_WARN_INFINITE_RECURSION = YES;
				CLANG_WARN_INT_CONVERSION = YES;
				CLANG_WARN_OBJC_ROOT_CLASS = YES_ERROR;
				CLANG_WARN_SUSPICIOUS_MOVES = YES;
				CLANG_WARN_UNREACHABLE_CODE = YES;
				CLANG_WARN__DUPLICATE_METHOD_MATCH = YES;
				"CODE_SIGN_IDENTITY[sdk=iphoneos*]" = "iPhone Developer";
				COPY_PHASE_STRIP = NO;
				DEBUG_INFORMATION_FORMAT = dwarf;
				ENABLE_STRICT_OBJC_MSGSEND = YES;
				ENABLE_TESTABILITY = YES;
				GCC_C_LANGUAGE_STANDARD = gnu99;
				GCC_DYNAMIC_NO_PIC = NO;
				GCC_NO_COMMON_BLOCKS = YES;
				GCC_OPTIMIZATION_LEVEL = 0;
				GCC_PREPROCESSOR_DEFINITIONS = (
					"DEBUG=1",
					"$(inherited)",
				);
				GCC_WARN_64_TO_32_BIT_CONVERSION = YES;
				GCC_WARN_ABOUT_RETURN_TYPE = YES_ERROR;
				GCC_WARN_UNDECLARED_SELECTOR = YES;
				GCC_WARN_UNINITIALIZED_AUTOS = YES_AGGRESSIVE;
				GCC_WARN_UNUSED_FUNCTION = YES;
				GCC_WARN_UNUSED_VARIABLE = YES;
				IPHONEOS_DEPLOYMENT_TARGET = 10.0;
				MTL_ENABLE_DEBUG_INFO = YES;
				ONLY_ACTIVE_ARCH = YES;
				SDKROOT = iphoneos;
				SWIFT_ACTIVE_COMPILATION_CONDITIONS = DEBUG;
				SWIFT_OPTIMIZATION_LEVEL = "-Onone";
				TARGETED_DEVICE_FAMILY = "1,2";
			};
			name = Debug;
		};
		4A3C67BE1DA27F8300D9D263 /* Release */ = {
			isa = XCBuildConfiguration;
			buildSettings = {
				ALWAYS_SEARCH_USER_PATHS = NO;
				CLANG_ANALYZER_NONNULL = YES;
				CLANG_CXX_LANGUAGE_STANDARD = "gnu++0x";
				CLANG_CXX_LIBRARY = "libc++";
				CLANG_ENABLE_MODULES = YES;
				CLANG_ENABLE_OBJC_ARC = YES;
				CLANG_WARN_BOOL_CONVERSION = YES;
				CLANG_WARN_CONSTANT_CONVERSION = YES;
				CLANG_WARN_DIRECT_OBJC_ISA_USAGE = YES_ERROR;
				CLANG_WARN_DOCUMENTATION_COMMENTS = YES;
				CLANG_WARN_EMPTY_BODY = YES;
				CLANG_WARN_ENUM_CONVERSION = YES;
				CLANG_WARN_INFINITE_RECURSION = YES;
				CLANG_WARN_INT_CONVERSION = YES;
				CLANG_WARN_OBJC_ROOT_CLASS = YES_ERROR;
				CLANG_WARN_SUSPICIOUS_MOVES = YES;
				CLANG_WARN_UNREACHABLE_CODE = YES;
				CLANG_WARN__DUPLICATE_METHOD_MATCH = YES;
				"CODE_SIGN_IDENTITY[sdk=iphoneos*]" = "iPhone Developer";
				COPY_PHASE_STRIP = NO;
				DEBUG_INFORMATION_FORMAT = "dwarf-with-dsym";
				ENABLE_NS_ASSERTIONS = NO;
				ENABLE_STRICT_OBJC_MSGSEND = YES;
				GCC_C_LANGUAGE_STANDARD = gnu99;
				GCC_NO_COMMON_BLOCKS = YES;
				GCC_WARN_64_TO_32_BIT_CONVERSION = YES;
				GCC_WARN_ABOUT_RETURN_TYPE = YES_ERROR;
				GCC_WARN_UNDECLARED_SELECTOR = YES;
				GCC_WARN_UNINITIALIZED_AUTOS = YES_AGGRESSIVE;
				GCC_WARN_UNUSED_FUNCTION = YES;
				GCC_WARN_UNUSED_VARIABLE = YES;
				IPHONEOS_DEPLOYMENT_TARGET = 10.0;
				MTL_ENABLE_DEBUG_INFO = NO;
				SDKROOT = iphoneos;
				SWIFT_OPTIMIZATION_LEVEL = "-Owholemodule";
				TARGETED_DEVICE_FAMILY = "1,2";
				VALIDATE_PRODUCT = YES;
			};
			name = Release;
		};
		4A3C67C01DA27F8300D9D263 /* Debug */ = {
			isa = XCBuildConfiguration;
			baseConfigurationReference = A0ACAF45C1287081F0F18814 /* Pods-Menu_Server_App_Prototype_001.debug.xcconfig */;
			buildSettings = {
				ASSETCATALOG_COMPILER_APPICON_NAME = AppIcon;
				CLANG_ENABLE_MODULES = YES;
				DEVELOPMENT_TEAM = 6YQJN59DK9;
				INFOPLIST_FILE = Menu_Server_App_Prototype_001/Info.plist;
				LD_RUNPATH_SEARCH_PATHS = "$(inherited) @executable_path/Frameworks";
				PRODUCT_BUNDLE_IDENTIFIER = "AppleShillSociety.Menu-Server-App-Prototype-001";
				PRODUCT_NAME = "$(TARGET_NAME)";
				SWIFT_OBJC_BRIDGING_HEADER = "Menu_Server_App_Prototype_001/Menu_Server_App_Prototype_001-Bridging-Header.h";
				SWIFT_OPTIMIZATION_LEVEL = "-Onone";
				SWIFT_VERSION = 3.0;
			};
			name = Debug;
		};
		4A3C67C11DA27F8300D9D263 /* Release */ = {
			isa = XCBuildConfiguration;
			baseConfigurationReference = 9FE362CCA8900A7C234B71AA /* Pods-Menu_Server_App_Prototype_001.release.xcconfig */;
			buildSettings = {
				ASSETCATALOG_COMPILER_APPICON_NAME = AppIcon;
				CLANG_ENABLE_MODULES = YES;
				DEVELOPMENT_TEAM = 6YQJN59DK9;
				INFOPLIST_FILE = Menu_Server_App_Prototype_001/Info.plist;
				LD_RUNPATH_SEARCH_PATHS = "$(inherited) @executable_path/Frameworks";
				PRODUCT_BUNDLE_IDENTIFIER = "AppleShillSociety.Menu-Server-App-Prototype-001";
				PRODUCT_NAME = "$(TARGET_NAME)";
				SWIFT_OBJC_BRIDGING_HEADER = "Menu_Server_App_Prototype_001/Menu_Server_App_Prototype_001-Bridging-Header.h";
				SWIFT_VERSION = 3.0;
			};
			name = Release;
		};
/* End XCBuildConfiguration section */

/* Begin XCConfigurationList section */
		4A3C67A81DA27F8300D9D263 /* Build configuration list for PBXProject "Menu_Server_App_Prototype_001" */ = {
			isa = XCConfigurationList;
			buildConfigurations = (
				4A3C67BD1DA27F8300D9D263 /* Debug */,
				4A3C67BE1DA27F8300D9D263 /* Release */,
			);
			defaultConfigurationIsVisible = 0;
			defaultConfigurationName = Release;
		};
		4A3C67BF1DA27F8300D9D263 /* Build configuration list for PBXNativeTarget "Menu_Server_App_Prototype_001" */ = {
			isa = XCConfigurationList;
			buildConfigurations = (
				4A3C67C01DA27F8300D9D263 /* Debug */,
				4A3C67C11DA27F8300D9D263 /* Release */,
			);
			defaultConfigurationIsVisible = 0;
			defaultConfigurationName = Release;
		};
/* End XCConfigurationList section */
	};
	rootObject = 4A3C67A51DA27F8300D9D263 /* Project object */;
}
